PODS:
  - Alamofire (4.0.1)
  - Eureka (2.0.0-beta.1)
  - SwiftyJSON (3.1.1)

DEPENDENCIES:
  - Alamofire (~> 4.0)
  - Eureka (~> 2.0.0-beta.1)
  - SwiftyJSON

SPEC CHECKSUMS:
  Alamofire: 7682d43245de14874acd142ec137b144aa1dd335
  Eureka: d014adf16406745e1a78d5790ea37ed130a0a8e5
  SwiftyJSON: f0be2e604f83e8405a624e9f891898bf6ed4e019

PODFILE CHECKSUM: 2af6857bd4644eb2830d744f1fe851f4b2b994cc

COCOAPODS: 1.0.1
