// !$*UTF8*$!
{
	archiveVersion = 1;
	classes = {
	};
	objectVersion = 46;
	objects = {

/* Begin PBXBuildFile section */
		855D1F421DF9B83F00AC61C7 /* AppDelegate.swift in Sources */ = {isa = PBXBuildFile; fileRef = 855D1F411DF9B83F00AC61C7 /* AppDelegate.swift */; };
		855D1F441DF9B83F00AC61C7 /* ViewController.swift in Sources */ = {isa = PBXBuildFile; fileRef = 855D1F431DF9B83F00AC61C7 /* ViewController.swift */; };
		855D1F471DF9B83F00AC61C7 /* Main.storyboard in Resources */ = {isa = PBXBuildFile; fileRef = 855D1F451DF9B83F00AC61C7 /* Main.storyboard */; };
		855D1F491DF9B83F00AC61C7 /* Assets.xcassets in Resources */ = {isa = PBXBuildFile; fileRef = 855D1F481DF9B83F00AC61C7 /* Assets.xcassets */; };
		855D1F4C1DF9B83F00AC61C7 /* LaunchScreen.storyboard in Resources */ = {isa = PBXBuildFile; fileRef = 855D1F4A1DF9B83F00AC61C7 /* LaunchScreen.storyboard */; };
		A881D2005745CC4FA3112AA5 /* Pods_Eureka_JSON.framework in Frameworks */ = {isa = PBXBuildFile; fileRef = 20771D700392509FB6487A03 /* Pods_Eureka_JSON.framework */; };
/* End PBXBuildFile section */

/* Begin PBXFileReference section */
		20771D700392509FB6487A03 /* Pods_Eureka_JSON.framework */ = {isa = PBXFileReference; explicitFileType = wrapper.framework; includeInIndex = 0; path = Pods_Eureka_JSON.framework; sourceTree = BUILT_PRODUCTS_DIR; };
		301A4A8EE4BCC39D96A336E9 /* Pods-Eureka JSON.debug.xcconfig */ = {isa = PBXFileReference; includeInIndex = 1; lastKnownFileType = text.xcconfig; name = "Pods-Eureka JSON.debug.xcconfig"; path = "Pods/Target Support Files/Pods-Eureka JSON/Pods-Eureka JSON.debug.xcconfig"; sourceTree = "<group>"; };
		4792F4BAE05CDEC61B1C7E01 /* Pods-Eureka JSON.release.xcconfig */ = {isa = PBXFileReference; includeInIndex = 1; lastKnownFileType = text.xcconfig; name = "Pods-Eureka JSON.release.xcconfig"; path = "Pods/Target Support Files/Pods-Eureka JSON/Pods-Eureka JSON.release.xcconfig"; sourceTree = "<group>"; };
		855D1F3E1DF9B83F00AC61C7 /* Eureka JSON.app */ = {isa = PBXFileReference; explicitFileType = wrapper.application; includeInIndex = 0; path = "Eureka JSON.app"; sourceTree = BUILT_PRODUCTS_DIR; };
		855D1F411DF9B83F00AC61C7 /* AppDelegate.swift */ = {isa = PBXFileReference; lastKnownFileType = sourcecode.swift; path = AppDelegate.swift; sourceTree = "<group>"; };
		855D1F431DF9B83F00AC61C7 /* ViewController.swift */ = {isa = PBXFileReference; lastKnownFileType = sourcecode.swift; path = ViewController.swift; sourceTree = "<group>"; };
		855D1F461DF9B83F00AC61C7 /* Base */ = {isa = PBXFileReference; lastKnownFileType = file.storyboard; name = Base; path = Base.lproj/Main.storyboard; sourceTree = "<group>"; };
		855D1F481DF9B83F00AC61C7 /* Assets.xcassets */ = {isa = PBXFileReference; lastKnownFileType = folder.assetcatalog; path = Assets.xcassets; sourceTree = "<group>"; };
		855D1F4B1DF9B83F00AC61C7 /* Base */ = {isa = PBXFileReference; lastKnownFileType = file.storyboard; name = Base; path = Base.lproj/LaunchScreen.storyboard; sourceTree = "<group>"; };
		855D1F4D1DF9B83F00AC61C7 /* Info.plist */ = {isa = PBXFileReference; lastKnownFileType = text.plist.xml; path = Info.plist; sourceTree = "<group>"; };
/* End PBXFileReference section */

/* Begin PBXFrameworksBuildPhase section */
		855D1F3B1DF9B83F00AC61C7 /* Frameworks */ = {
			isa = PBXFrameworksBuildPhase;
			buildActionMask = 2147483647;
			files = (
				A881D2005745CC4FA3112AA5 /* Pods_Eureka_JSON.framework in Frameworks */,
			);
			runOnlyForDeploymentPostprocessing = 0;
		};
/* End PBXFrameworksBuildPhase section */

/* Begin PBXGroup section */
		3CEA73D3CD30200E3DC3F98F /* Frameworks */ = {
			isa = PBXGroup;
			children = (
				20771D700392509FB6487A03 /* Pods_Eureka_JSON.framework */,
			);
			name = Frameworks;
			sourceTree = "<group>";
		};
		855D1F351DF9B83F00AC61C7 = {
			isa = PBXGroup;
			children = (
				855D1F401DF9B83F00AC61C7 /* Eureka JSON */,
				855D1F3F1DF9B83F00AC61C7 /* Products */,
				CB5E28E09E0FB92D25379DBE /* Pods */,
				3CEA73D3CD30200E3DC3F98F /* Frameworks */,
			);
			sourceTree = "<group>";
		};
		855D1F3F1DF9B83F00AC61C7 /* Products */ = {
			isa = PBXGroup;
			children = (
				855D1F3E1DF9B83F00AC61C7 /* Eureka JSON.app */,
			);
			name = Products;
			sourceTree = "<group>";
		};
		855D1F401DF9B83F00AC61C7 /* Eureka JSON */ = {
			isa = PBXGroup;
			children = (
				855D1F411DF9B83F00AC61C7 /* AppDelegate.swift */,
				855D1F431DF9B83F00AC61C7 /* ViewController.swift */,
				855D1F451DF9B83F00AC61C7 /* Main.storyboard */,
				855D1F481DF9B83F00AC61C7 /* Assets.xcassets */,
				855D1F4A1DF9B83F00AC61C7 /* LaunchScreen.storyboard */,
				855D1F4D1DF9B83F00AC61C7 /* Info.plist */,
			);
			path = "Eureka JSON";
			sourceTree = "<group>";
		};
		CB5E28E09E0FB92D25379DBE /* Pods */ = {
			isa = PBXGroup;
			children = (
				301A4A8EE4BCC39D96A336E9 /* Pods-Eureka JSON.debug.xcconfig */,
				4792F4BAE05CDEC61B1C7E01 /* Pods-Eureka JSON.release.xcconfig */,
			);
			name = Pods;
			sourceTree = "<group>";
		};
/* End PBXGroup section */

/* Begin PBXNativeTarget section */
		855D1F3D1DF9B83F00AC61C7 /* Eureka JSON */ = {
			isa = PBXNativeTarget;
			buildConfigurationList = 855D1F501DF9B83F00AC61C7 /* Build configuration list for PBXNativeTarget "Eureka JSON" */;
			buildPhases = (
				41E575E4B47BBA67B37D5D67 /* [CP] Check Pods Manifest.lock */,
				855D1F3A1DF9B83F00AC61C7 /* Sources */,
				855D1F3B1DF9B83F00AC61C7 /* Frameworks */,
				855D1F3C1DF9B83F00AC61C7 /* Resources */,
				260C204C6F3D3F7479E2A3EF /* [CP] Embed Pods Frameworks */,
				9AA9E7974ECCF3A864A3E853 /* [CP] Copy Pods Resources */,
			);
			buildRules = (
			);
			dependencies = (
			);
			name = "Eureka JSON";
			productName = "Eureka JSON";
			productReference = 855D1F3E1DF9B83F00AC61C7 /* Eureka JSON.app */;
			productType = "com.apple.product-type.application";
		};
/* End PBXNativeTarget section */

/* Begin PBXProject section */
		855D1F361DF9B83F00AC61C7 /* Project object */ = {
			isa = PBXProject;
			attributes = {
				LastSwiftUpdateCheck = 0800;
				LastUpgradeCheck = 0800;
				ORGANIZATIONNAME = "GH4HUB Ghana Limited";
				TargetAttributes = {
					855D1F3D1DF9B83F00AC61C7 = {
						CreatedOnToolsVersion = 8.0;
						DevelopmentTeam = HMPH77CEZ3;
						ProvisioningStyle = Automatic;
					};
				};
			};
			buildConfigurationList = 855D1F391DF9B83F00AC61C7 /* Build configuration list for PBXProject "Eureka JSON" */;
			compatibilityVersion = "Xcode 3.2";
			developmentRegion = English;
			hasScannedForEncodings = 0;
			knownRegions = (
				en,
				Base,
			);
			mainGroup = 855D1F351DF9B83F00AC61C7;
			productRefGroup = 855D1F3F1DF9B83F00AC61C7 /* Products */;
			projectDirPath = "";
			projectRoot = "";
			targets = (
				855D1F3D1DF9B83F00AC61C7 /* Eureka JSON */,
			);
		};
/* End PBXProject section */

/* Begin PBXResourcesBuildPhase section */
		855D1F3C1DF9B83F00AC61C7 /* Resources */ = {
			isa = PBXResourcesBuildPhase;
			buildActionMask = 2147483647;
			files = (
				855D1F4C1DF9B83F00AC61C7 /* LaunchScreen.storyboard in Resources */,
				855D1F491DF9B83F00AC61C7 /* Assets.xcassets in Resources */,
				855D1F471DF9B83F00AC61C7 /* Main.storyboard in Resources */,
			);
			runOnlyForDeploymentPostprocessing = 0;
		};
/* End PBXResourcesBuildPhase section */

/* Begin PBXShellScriptBuildPhase section */
		260C204C6F3D3F7479E2A3EF /* [CP] Embed Pods Frameworks */ = {
			isa = PBXShellScriptBuildPhase;
			buildActionMask = 2147483647;
			files = (
			);
			inputPaths = (
			);
			name = "[CP] Embed Pods Frameworks";
			outputPaths = (
			);
			runOnlyForDeploymentPostprocessing = 0;
			shellPath = /bin/sh;
			shellScript = "\"${SRCROOT}/Pods/Target Support Files/Pods-Eureka JSON/Pods-Eureka JSON-frameworks.sh\"\n";
			showEnvVarsInLog = 0;
		};
		41E575E4B47BBA67B37D5D67 /* [CP] Check Pods Manifest.lock */ = {
			isa = PBXShellScriptBuildPhase;
			buildActionMask = 2147483647;
			files = (
			);
			inputPaths = (
			);
			name = "[CP] Check Pods Manifest.lock";
			outputPaths = (
			);
			runOnlyForDeploymentPostprocessing = 0;
			shellPath = /bin/sh;
			shellScript = "diff \"${PODS_ROOT}/../Podfile.lock\" \"${PODS_ROOT}/Manifest.lock\" > /dev/null\nif [[ $? != 0 ]] ; then\n    cat << EOM\nerror: The sandbox is not in sync with the Podfile.lock. Run 'pod install' or update your CocoaPods installation.\nEOM\n    exit 1\nfi\n";
			showEnvVarsInLog = 0;
		};
		9AA9E7974ECCF3A864A3E853 /* [CP] Copy Pods Resources */ = {
			isa = PBXShellScriptBuildPhase;
			buildActionMask = 2147483647;
			files = (
			);
			inputPaths = (
			);
			name = "[CP] Copy Pods Resources";
			outputPaths = (
			);
			runOnlyForDeploymentPostprocessing = 0;
			shellPath = /bin/sh;
			shellScript = "\"${SRCROOT}/Pods/Target Support Files/Pods-Eureka JSON/Pods-Eureka JSON-resources.sh\"\n";
			showEnvVarsInLog = 0;
		};
/* End PBXShellScriptBuildPhase section */

/* Begin PBXSourcesBuildPhase section */
		855D1F3A1DF9B83F00AC61C7 /* Sources */ = {
			isa = PBXSourcesBuildPhase;
			buildActionMask = 2147483647;
			files = (
				855D1F441DF9B83F00AC61C7 /* ViewController.swift in Sources */,
				855D1F421DF9B83F00AC61C7 /* AppDelegate.swift in Sources */,
			);
			runOnlyForDeploymentPostprocessing = 0;
		};
/* End PBXSourcesBuildPhase section */

/* Begin PBXVariantGroup section */
		855D1F451DF9B83F00AC61C7 /* Main.storyboard */ = {
			isa = PBXVariantGroup;
			children = (
				855D1F461DF9B83F00AC61C7 /* Base */,
			);
			name = Main.storyboard;
			sourceTree = "<group>";
		};
		855D1F4A1DF9B83F00AC61C7 /* LaunchScreen.storyboard */ = {
			isa = PBXVariantGroup;
			children = (
				855D1F4B1DF9B83F00AC61C7 /* Base */,
			);
			name = LaunchScreen.storyboard;
			sourceTree = "<group>";
		};
/* End PBXVariantGroup section */

/* Begin XCBuildConfiguration section */
		855D1F4E1DF9B83F00AC61C7 /* Debug */ = {
			isa = XCBuildConfiguration;
			buildSettings = {
				ALWAYS_SEARCH_USER_PATHS = NO;
				CLANG_ANALYZER_NONNULL = YES;
				CLANG_CXX_LANGUAGE_STANDARD = "gnu++0x";
				CLANG_CXX_LIBRARY = "libc++";
				CLANG_ENABLE_MODULES = YES;
				CLANG_ENABLE_OBJC_ARC = YES;
				CLANG_WARN_BOOL_CONVERSION = YES;
				CLANG_WARN_CONSTANT_CONVERSION = YES;
				CLANG_WARN_DIRECT_OBJC_ISA_USAGE = YES_ERROR;
				CLANG_WARN_DOCUMENTATION_COMMENTS = YES;
				CLANG_WARN_EMPTY_BODY = YES;
				CLANG_WARN_ENUM_CONVERSION = YES;
				CLANG_WARN_INFINITE_RECURSION = YES;
				CLANG_WARN_INT_CONVERSION = YES;
				CLANG_WARN_OBJC_ROOT_CLASS = YES_ERROR;
				CLANG_WARN_SUSPICIOUS_MOVES = YES;
				CLANG_WARN_UNREACHABLE_CODE = YES;
				CLANG_WARN__DUPLICATE_METHOD_MATCH = YES;
				"CODE_SIGN_IDENTITY[sdk=iphoneos*]" = "iPhone Developer";
				COPY_PHASE_STRIP = NO;
				DEBUG_INFORMATION_FORMAT = dwarf;
				ENABLE_STRICT_OBJC_MSGSEND = YES;
				ENABLE_TESTABILITY = YES;
				GCC_C_LANGUAGE_STANDARD = gnu99;
				GCC_DYNAMIC_NO_PIC = NO;
				GCC_NO_COMMON_BLOCKS = YES;
				GCC_OPTIMIZATION_LEVEL = 0;
				GCC_PREPROCESSOR_DEFINITIONS = (
					"DEBUG=1",
					"$(inherited)",
				);
				GCC_WARN_64_TO_32_BIT_CONVERSION = YES;
				GCC_WARN_ABOUT_RETURN_TYPE = YES_ERROR;
				GCC_WARN_UNDECLARED_SELECTOR = YES;
				GCC_WARN_UNINITIALIZED_AUTOS = YES_AGGRESSIVE;
				GCC_WARN_UNUSED_FUNCTION = YES;
				GCC_WARN_UNUSED_VARIABLE = YES;
				IPHONEOS_DEPLOYMENT_TARGET = 10.0;
				MTL_ENABLE_DEBUG_INFO = YES;
				ONLY_ACTIVE_ARCH = YES;
				SDKROOT = iphoneos;
				SWIFT_ACTIVE_COMPILATION_CONDITIONS = DEBUG;
				SWIFT_OPTIMIZATION_LEVEL = "-Onone";
				SWIFT_VERSION = 3.0;
			};
			name = Debug;
		};
		855D1F4F1DF9B83F00AC61C7 /* Release */ = {
			isa = XCBuildConfiguration;
			buildSettings = {
				ALWAYS_SEARCH_USER_PATHS = NO;
				CLANG_ANALYZER_NONNULL = YES;
				CLANG_CXX_LANGUAGE_STANDARD = "gnu++0x";
				CLANG_CXX_LIBRARY = "libc++";
				CLANG_ENABLE_MODULES = YES;
				CLANG_ENABLE_OBJC_ARC = YES;
				CLANG_WARN_BOOL_CONVERSION = YES;
				CLANG_WARN_CONSTANT_CONVERSION = YES;
				CLANG_WARN_DIRECT_OBJC_ISA_USAGE = YES_ERROR;
				CLANG_WARN_DOCUMENTATION_COMMENTS = YES;
				CLANG_WARN_EMPTY_BODY = YES;
				CLANG_WARN_ENUM_CONVERSION = YES;
				CLANG_WARN_INFINITE_RECURSION = YES;
				CLANG_WARN_INT_CONVERSION = YES;
				CLANG_WARN_OBJC_ROOT_CLASS = YES_ERROR;
				CLANG_WARN_SUSPICIOUS_MOVES = YES;
				CLANG_WARN_UNREACHABLE_CODE = YES;
				CLANG_WARN__DUPLICATE_METHOD_MATCH = YES;
				"CODE_SIGN_IDENTITY[sdk=iphoneos*]" = "iPhone Developer";
				COPY_PHASE_STRIP = NO;
				DEBUG_INFORMATION_FORMAT = "dwarf-with-dsym";
				ENABLE_NS_ASSERTIONS = NO;
				ENABLE_STRICT_OBJC_MSGSEND = YES;
				GCC_C_LANGUAGE_STANDARD = gnu99;
				GCC_NO_COMMON_BLOCKS = YES;
				GCC_WARN_64_TO_32_BIT_CONVERSION = YES;
				GCC_WARN_ABOUT_RETURN_TYPE = YES_ERROR;
				GCC_WARN_UNDECLARED_SELECTOR = YES;
				GCC_WARN_UNINITIALIZED_AUTOS = YES_AGGRESSIVE;
				GCC_WARN_UNUSED_FUNCTION = YES;
				GCC_WARN_UNUSED_VARIABLE = YES;
				IPHONEOS_DEPLOYMENT_TARGET = 10.0;
				MTL_ENABLE_DEBUG_INFO = NO;
				SDKROOT = iphoneos;
				SWIFT_OPTIMIZATION_LEVEL = "-Owholemodule";
				SWIFT_VERSION = 3.0;
				VALIDATE_PRODUCT = YES;
			};
			name = Release;
		};
		855D1F511DF9B83F00AC61C7 /* Debug */ = {
			isa = XCBuildConfiguration;
			baseConfigurationReference = 301A4A8EE4BCC39D96A336E9 /* Pods-Eureka JSON.debug.xcconfig */;
			buildSettings = {
				ASSETCATALOG_COMPILER_APPICON_NAME = AppIcon;
				DEVELOPMENT_TEAM = HMPH77CEZ3;
				INFOPLIST_FILE = "Eureka JSON/Info.plist";
				LD_RUNPATH_SEARCH_PATHS = "$(inherited) @executable_path/Frameworks";
				PRODUCT_BUNDLE_IDENTIFIER = "com.gh4hub.Eureka-JSON";
				PRODUCT_NAME = "$(TARGET_NAME)";
				SWIFT_VERSION = 3.0;
			};
			name = Debug;
		};
		855D1F521DF9B83F00AC61C7 /* Release */ = {
			isa = XCBuildConfiguration;
			baseConfigurationReference = 4792F4BAE05CDEC61B1C7E01 /* Pods-Eureka JSON.release.xcconfig */;
			buildSettings = {
				ASSETCATALOG_COMPILER_APPICON_NAME = AppIcon;
				DEVELOPMENT_TEAM = HMPH77CEZ3;
				INFOPLIST_FILE = "Eureka JSON/Info.plist";
				LD_RUNPATH_SEARCH_PATHS = "$(inherited) @executable_path/Frameworks";
				PRODUCT_BUNDLE_IDENTIFIER = "com.gh4hub.Eureka-JSON";
				PRODUCT_NAME = "$(TARGET_NAME)";
				SWIFT_VERSION = 3.0;
			};
			name = Release;
		};
/* End XCBuildConfiguration section */

/* Begin XCConfigurationList section */
		855D1F391DF9B83F00AC61C7 /* Build configuration list for PBXProject "Eureka JSON" */ = {
			isa = XCConfigurationList;
			buildConfigurations = (
				855D1F4E1DF9B83F00AC61C7 /* Debug */,
				855D1F4F1DF9B83F00AC61C7 /* Release */,
			);
			defaultConfigurationIsVisible = 0;
			defaultConfigurationName = Release;
		};
		855D1F501DF9B83F00AC61C7 /* Build configuration list for PBXNativeTarget "Eureka JSON" */ = {
			isa = XCConfigurationList;
			buildConfigurations = (
				855D1F511DF9B83F00AC61C7 /* Debug */,
				855D1F521DF9B83F00AC61C7 /* Release */,
			);
			defaultConfigurationIsVisible = 0;
			defaultConfigurationName = Release;
		};
/* End XCConfigurationList section */
	};
	rootObject = 855D1F361DF9B83F00AC61C7 /* Project object */;
}
